
Microsoft Visual Studio Solution File, Format Version 12.00
# Visual Studio 14
VisualStudioVersion = 14.0.23107.0
MinimumVisualStudioVersion = 10.0.40219.1
Project("{E24C65DC-7377-472B-9ABA-BC803B73C61A}") = "Heldentaufe", ".", "{1C4A0882-24ED-43D5-A9F7-C278F01E34AB}"
	ProjectSection(WebsiteProperties) = preProject
		TargetFrameworkMoniker = ".NETFramework,Version%3Dv4.0"
		Debug.AspNetCompiler.VirtualPath = "/localhost_63204"
		Debug.AspNetCompiler.PhysicalPath = "..\heldentaufe\"
		Debug.AspNetCompiler.TargetPath = "PrecompiledWeb\localhost_63204\"
		Debug.AspNetCompiler.Updateable = "true"
		Debug.AspNetCompiler.ForceOverwrite = "true"
		Debug.AspNetCompiler.FixedNames = "false"
		Debug.AspNetCompiler.Debug = "True"
		Release.AspNetCompiler.VirtualPath = "/localhost_63204"
		Release.AspNetCompiler.PhysicalPath = "..\heldentaufe\"
		Release.AspNetCompiler.TargetPath = "PrecompiledWeb\localhost_63204\"
		Release.AspNetCompiler.Updateable = "true"
		Release.AspNetCompiler.ForceOverwrite = "true"
		Release.AspNetCompiler.FixedNames = "false"
		Release.AspNetCompiler.Debug = "False"
		VWDPort = "63204"
		SlnRelativePath = "..\heldentaufe\"
	EndProjectSection
EndProject
Global
	GlobalSection(SolutionConfigurationPlatforms) = preSolution
		Debug|Any CPU = Debug|Any CPU
	EndGlobalSection
	GlobalSection(ProjectConfigurationPlatforms) = postSolution
		{1C4A0882-24ED-43D5-A9F7-C278F01E34AB}.Debug|Any CPU.ActiveCfg = Debug|Any CPU
		{1C4A0882-24ED-43D5-A9F7-C278F01E34AB}.Debug|Any CPU.Build.0 = Debug|Any CPU
	EndGlobalSection
	GlobalSection(SolutionProperties) = preSolution
		HideSolutionNode = FALSE
	EndGlobalSection
EndGlobal
